// !$*UTF8*$!
{
	archiveVersion = 1;
	classes = {
	};
	objectVersion = 52;
	objects = {

/* Begin PBXBuildFile section */
		2C5249B425BFA80E00461C37 /* AppDelegate.swift in Sources */ = {isa = PBXBuildFile; fileRef = 2C5249B325BFA80E00461C37 /* AppDelegate.swift */; };
		2C5249B625BFA80E00461C37 /* SceneDelegate.swift in Sources */ = {isa = PBXBuildFile; fileRef = 2C5249B525BFA80E00461C37 /* SceneDelegate.swift */; };
		2C5249B825BFA80E00461C37 /* SearchCardViewController.swift in Sources */ = {isa = PBXBuildFile; fileRef = 2C5249B725BFA80E00461C37 /* SearchCardViewController.swift */; };
		2C5249BB25BFA80E00461C37 /* Main.storyboard in Resources */ = {isa = PBXBuildFile; fileRef = 2C5249B925BFA80E00461C37 /* Main.storyboard */; };
		2C5249BD25BFA81100461C37 /* Assets.xcassets in Resources */ = {isa = PBXBuildFile; fileRef = 2C5249BC25BFA81100461C37 /* Assets.xcassets */; };
		2C5249C025BFA81100461C37 /* LaunchScreen.storyboard in Resources */ = {isa = PBXBuildFile; fileRef = 2C5249BE25BFA81100461C37 /* LaunchScreen.storyboard */; };
		2C5249CB25BFA81100461C37 /* YugiohCardDBTests.swift in Sources */ = {isa = PBXBuildFile; fileRef = 2C5249CA25BFA81100461C37 /* YugiohCardDBTests.swift */; };
		2C5249D625BFA81100461C37 /* YugiohCardDBUITests.swift in Sources */ = {isa = PBXBuildFile; fileRef = 2C5249D525BFA81100461C37 /* YugiohCardDBUITests.swift */; };
		AC172E4E25D3EAE500D3F10E /* CardDetailViewController.swift in Sources */ = {isa = PBXBuildFile; fileRef = AC172E4D25D3EAE500D3F10E /* CardDetailViewController.swift */; };
		AC23752526F69407006E6BD2 /* SplashViewController.swift in Sources */ = {isa = PBXBuildFile; fileRef = AC23752426F69407006E6BD2 /* SplashViewController.swift */; };
		AC23752A26F69667006E6BD2 /* CacheManager.swift in Sources */ = {isa = PBXBuildFile; fileRef = AC23752926F69667006E6BD2 /* CacheManager.swift */; };
		AC65A3DD26F672D400A6D3F7 /* yugioh_cards_v7.json in Resources */ = {isa = PBXBuildFile; fileRef = AC65A3DC26F672D400A6D3F7 /* yugioh_cards_v7.json */; };
		AC6EE6E625D49C5800C4A1CA /* CardType.swift in Sources */ = {isa = PBXBuildFile; fileRef = AC6EE6E525D49C5800C4A1CA /* CardType.swift */; };
		AC6EE6EF25D4C5F200C4A1CA /* CardImageTableViewCell.swift in Sources */ = {isa = PBXBuildFile; fileRef = AC6EE6EE25D4C5F200C4A1CA /* CardImageTableViewCell.swift */; };
		AC6EE6F725D4DF1700C4A1CA /* TopTitleWithDescriptionTextTableViewCell.swift in Sources */ = {isa = PBXBuildFile; fileRef = AC6EE6F625D4DF1700C4A1CA /* TopTitleWithDescriptionTextTableViewCell.swift */; };
		AC6EE6FC25D4F1A400C4A1CA /* TwoTopTitlesAndTwoDescriptionsTableViewCell.swift in Sources */ = {isa = PBXBuildFile; fileRef = AC6EE6FB25D4F1A400C4A1CA /* TwoTopTitlesAndTwoDescriptionsTableViewCell.swift */; };
		AC6EE70125D5124E00C4A1CA /* CardDetailCellType.swift in Sources */ = {isa = PBXBuildFile; fileRef = AC6EE70025D5124E00C4A1CA /* CardDetailCellType.swift */; };
		AC6EE70C25D51E1700C4A1CA /* Strings.swift in Sources */ = {isa = PBXBuildFile; fileRef = AC6EE70B25D51E1700C4A1CA /* Strings.swift */; };
		AC7DDB4F2731FDCA00DDDA8B /* YGOPRODeckClient in Frameworks */ = {isa = PBXBuildFile; productRef = AC7DDB4E2731FDCA00DDDA8B /* YGOPRODeckClient */; };
		AC7DDB552731FE4100DDDA8B /* CardViewModelTests.swift in Sources */ = {isa = PBXBuildFile; fileRef = AC7DDB542731FE4100DDDA8B /* CardViewModelTests.swift */; };
		ACB38F1925D39F49001CA4E9 /* CardViewModel.swift in Sources */ = {isa = PBXBuildFile; fileRef = ACB38F1825D39F49001CA4E9 /* CardViewModel.swift */; };
/* End PBXBuildFile section */

/* Begin PBXContainerItemProxy section */
		2C5249C725BFA81100461C37 /* PBXContainerItemProxy */ = {
			isa = PBXContainerItemProxy;
			containerPortal = 2C5249A825BFA80E00461C37 /* Project object */;
			proxyType = 1;
			remoteGlobalIDString = 2C5249AF25BFA80E00461C37;
			remoteInfo = YugiohCardDB;
		};
		2C5249D225BFA81100461C37 /* PBXContainerItemProxy */ = {
			isa = PBXContainerItemProxy;
			containerPortal = 2C5249A825BFA80E00461C37 /* Project object */;
			proxyType = 1;
			remoteGlobalIDString = 2C5249AF25BFA80E00461C37;
			remoteInfo = YugiohCardDB;
		};
/* End PBXContainerItemProxy section */

/* Begin PBXFileReference section */
		2C5249B025BFA80E00461C37 /* YugiohCardDB.app */ = {isa = PBXFileReference; explicitFileType = wrapper.application; includeInIndex = 0; path = YugiohCardDB.app; sourceTree = BUILT_PRODUCTS_DIR; };
		2C5249B325BFA80E00461C37 /* AppDelegate.swift */ = {isa = PBXFileReference; lastKnownFileType = sourcecode.swift; path = AppDelegate.swift; sourceTree = "<group>"; };
		2C5249B525BFA80E00461C37 /* SceneDelegate.swift */ = {isa = PBXFileReference; lastKnownFileType = sourcecode.swift; path = SceneDelegate.swift; sourceTree = "<group>"; };
		2C5249B725BFA80E00461C37 /* SearchCardViewController.swift */ = {isa = PBXFileReference; lastKnownFileType = sourcecode.swift; path = SearchCardViewController.swift; sourceTree = "<group>"; };
		2C5249BA25BFA80E00461C37 /* Base */ = {isa = PBXFileReference; lastKnownFileType = file.storyboard; name = Base; path = Base.lproj/Main.storyboard; sourceTree = "<group>"; };
		2C5249BC25BFA81100461C37 /* Assets.xcassets */ = {isa = PBXFileReference; lastKnownFileType = folder.assetcatalog; path = Assets.xcassets; sourceTree = "<group>"; };
		2C5249BF25BFA81100461C37 /* Base */ = {isa = PBXFileReference; lastKnownFileType = file.storyboard; name = Base; path = Base.lproj/LaunchScreen.storyboard; sourceTree = "<group>"; };
		2C5249C125BFA81100461C37 /* Info.plist */ = {isa = PBXFileReference; lastKnownFileType = text.plist.xml; path = Info.plist; sourceTree = "<group>"; };
		2C5249C625BFA81100461C37 /* YugiohCardDBTests.xctest */ = {isa = PBXFileReference; explicitFileType = wrapper.cfbundle; includeInIndex = 0; path = YugiohCardDBTests.xctest; sourceTree = BUILT_PRODUCTS_DIR; };
		2C5249CA25BFA81100461C37 /* YugiohCardDBTests.swift */ = {isa = PBXFileReference; lastKnownFileType = sourcecode.swift; path = YugiohCardDBTests.swift; sourceTree = "<group>"; };
		2C5249CC25BFA81100461C37 /* Info.plist */ = {isa = PBXFileReference; lastKnownFileType = text.plist.xml; path = Info.plist; sourceTree = "<group>"; };
		2C5249D125BFA81100461C37 /* YugiohCardDBUITests.xctest */ = {isa = PBXFileReference; explicitFileType = wrapper.cfbundle; includeInIndex = 0; path = YugiohCardDBUITests.xctest; sourceTree = BUILT_PRODUCTS_DIR; };
		2C5249D525BFA81100461C37 /* YugiohCardDBUITests.swift */ = {isa = PBXFileReference; lastKnownFileType = sourcecode.swift; path = YugiohCardDBUITests.swift; sourceTree = "<group>"; };
		2C5249D725BFA81100461C37 /* Info.plist */ = {isa = PBXFileReference; lastKnownFileType = text.plist.xml; path = Info.plist; sourceTree = "<group>"; };
		400E9F99DD01D2E898692F4D /* Pods-YugiohCardDB-YugiohCardDBUITests.debug.xcconfig */ = {isa = PBXFileReference; includeInIndex = 1; lastKnownFileType = text.xcconfig; name = "Pods-YugiohCardDB-YugiohCardDBUITests.debug.xcconfig"; path = "Target Support Files/Pods-YugiohCardDB-YugiohCardDBUITests/Pods-YugiohCardDB-YugiohCardDBUITests.debug.xcconfig"; sourceTree = "<group>"; };
		7A151FDEFF17A0ED0BD7FF67 /* Pods-YugiohCardDB-YugiohCardDBUITests.release.xcconfig */ = {isa = PBXFileReference; includeInIndex = 1; lastKnownFileType = text.xcconfig; name = "Pods-YugiohCardDB-YugiohCardDBUITests.release.xcconfig"; path = "Target Support Files/Pods-YugiohCardDB-YugiohCardDBUITests/Pods-YugiohCardDB-YugiohCardDBUITests.release.xcconfig"; sourceTree = "<group>"; };
		8F921C0F9AB5AD6EEBE7FF5A /* Pods-YugiohCardDB.release.xcconfig */ = {isa = PBXFileReference; includeInIndex = 1; lastKnownFileType = text.xcconfig; name = "Pods-YugiohCardDB.release.xcconfig"; path = "Target Support Files/Pods-YugiohCardDB/Pods-YugiohCardDB.release.xcconfig"; sourceTree = "<group>"; };
		AC172E4D25D3EAE500D3F10E /* CardDetailViewController.swift */ = {isa = PBXFileReference; lastKnownFileType = sourcecode.swift; path = CardDetailViewController.swift; sourceTree = "<group>"; };
		AC23752426F69407006E6BD2 /* SplashViewController.swift */ = {isa = PBXFileReference; lastKnownFileType = sourcecode.swift; path = SplashViewController.swift; sourceTree = "<group>"; };
		AC23752926F69667006E6BD2 /* CacheManager.swift */ = {isa = PBXFileReference; lastKnownFileType = sourcecode.swift; path = CacheManager.swift; sourceTree = "<group>"; };
		AC65A3DC26F672D400A6D3F7 /* yugioh_cards_v7.json */ = {isa = PBXFileReference; fileEncoding = 4; lastKnownFileType = text.json; path = yugioh_cards_v7.json; sourceTree = "<group>"; };
		AC6EE6E525D49C5800C4A1CA /* CardType.swift */ = {isa = PBXFileReference; lastKnownFileType = sourcecode.swift; path = CardType.swift; sourceTree = "<group>"; };
		AC6EE6EE25D4C5F200C4A1CA /* CardImageTableViewCell.swift */ = {isa = PBXFileReference; lastKnownFileType = sourcecode.swift; path = CardImageTableViewCell.swift; sourceTree = "<group>"; };
		AC6EE6F625D4DF1700C4A1CA /* TopTitleWithDescriptionTextTableViewCell.swift */ = {isa = PBXFileReference; lastKnownFileType = sourcecode.swift; path = TopTitleWithDescriptionTextTableViewCell.swift; sourceTree = "<group>"; };
		AC6EE6FB25D4F1A400C4A1CA /* TwoTopTitlesAndTwoDescriptionsTableViewCell.swift */ = {isa = PBXFileReference; lastKnownFileType = sourcecode.swift; path = TwoTopTitlesAndTwoDescriptionsTableViewCell.swift; sourceTree = "<group>"; };
		AC6EE70025D5124E00C4A1CA /* CardDetailCellType.swift */ = {isa = PBXFileReference; lastKnownFileType = sourcecode.swift; path = CardDetailCellType.swift; sourceTree = "<group>"; };
		AC6EE70B25D51E1700C4A1CA /* Strings.swift */ = {isa = PBXFileReference; lastKnownFileType = sourcecode.swift; path = Strings.swift; sourceTree = "<group>"; };
		AC7DDB542731FE4100DDDA8B /* CardViewModelTests.swift */ = {isa = PBXFileReference; lastKnownFileType = sourcecode.swift; path = CardViewModelTests.swift; sourceTree = "<group>"; };
		AC8B7708270FFF3600D94B9A /* YGOPRODeckClient.xcframework */ = {isa = PBXFileReference; lastKnownFileType = wrapper.xcframework; name = YGOPRODeckClient.xcframework; path = "../ygoprodeck-client/build/YGOPRODeckClient.xcframework"; sourceTree = "<group>"; };
		ACB38F1825D39F49001CA4E9 /* CardViewModel.swift */ = {isa = PBXFileReference; lastKnownFileType = sourcecode.swift; path = CardViewModel.swift; sourceTree = "<group>"; };
		DCB7477B82C8B7F70ECE979F /* Pods-YugiohCardDBTests.debug.xcconfig */ = {isa = PBXFileReference; includeInIndex = 1; lastKnownFileType = text.xcconfig; name = "Pods-YugiohCardDBTests.debug.xcconfig"; path = "Target Support Files/Pods-YugiohCardDBTests/Pods-YugiohCardDBTests.debug.xcconfig"; sourceTree = "<group>"; };
		E80B4B8014D4B4CCC1358178 /* Pods-YugiohCardDB.debug.xcconfig */ = {isa = PBXFileReference; includeInIndex = 1; lastKnownFileType = text.xcconfig; name = "Pods-YugiohCardDB.debug.xcconfig"; path = "Target Support Files/Pods-YugiohCardDB/Pods-YugiohCardDB.debug.xcconfig"; sourceTree = "<group>"; };
		F62648F56A3AF54C0E0AD364 /* Pods-YugiohCardDBTests.release.xcconfig */ = {isa = PBXFileReference; includeInIndex = 1; lastKnownFileType = text.xcconfig; name = "Pods-YugiohCardDBTests.release.xcconfig"; path = "Target Support Files/Pods-YugiohCardDBTests/Pods-YugiohCardDBTests.release.xcconfig"; sourceTree = "<group>"; };
/* End PBXFileReference section */

/* Begin PBXFrameworksBuildPhase section */
		2C5249AD25BFA80E00461C37 /* Frameworks */ = {
			isa = PBXFrameworksBuildPhase;
			buildActionMask = 2147483647;
			files = (
				AC7DDB4F2731FDCA00DDDA8B /* YGOPRODeckClient in Frameworks */,
			);
			runOnlyForDeploymentPostprocessing = 0;
		};
		2C5249C325BFA81100461C37 /* Frameworks */ = {
			isa = PBXFrameworksBuildPhase;
			buildActionMask = 2147483647;
			files = (
			);
			runOnlyForDeploymentPostprocessing = 0;
		};
		2C5249CE25BFA81100461C37 /* Frameworks */ = {
			isa = PBXFrameworksBuildPhase;
			buildActionMask = 2147483647;
			files = (
			);
			runOnlyForDeploymentPostprocessing = 0;
		};
/* End PBXFrameworksBuildPhase section */

/* Begin PBXGroup section */
		0943CCA6C9A28BBEF85D246E /* Frameworks */ = {
			isa = PBXGroup;
			children = (
				AC8B7708270FFF3600D94B9A /* YGOPRODeckClient.xcframework */,
			);
			name = Frameworks;
			sourceTree = "<group>";
		};
		1E8CB0F9C038AB3C54E2BCE8 /* Pods */ = {
			isa = PBXGroup;
			children = (
				E80B4B8014D4B4CCC1358178 /* Pods-YugiohCardDB.debug.xcconfig */,
				8F921C0F9AB5AD6EEBE7FF5A /* Pods-YugiohCardDB.release.xcconfig */,
				400E9F99DD01D2E898692F4D /* Pods-YugiohCardDB-YugiohCardDBUITests.debug.xcconfig */,
				7A151FDEFF17A0ED0BD7FF67 /* Pods-YugiohCardDB-YugiohCardDBUITests.release.xcconfig */,
				DCB7477B82C8B7F70ECE979F /* Pods-YugiohCardDBTests.debug.xcconfig */,
				F62648F56A3AF54C0E0AD364 /* Pods-YugiohCardDBTests.release.xcconfig */,
			);
			path = Pods;
			sourceTree = "<group>";
		};
		2C5249A725BFA80E00461C37 = {
			isa = PBXGroup;
			children = (
				2C5249B225BFA80E00461C37 /* YugiohCardDB */,
				2C5249C925BFA81100461C37 /* YugiohCardDBTests */,
				2C5249D425BFA81100461C37 /* YugiohCardDBUITests */,
				2C5249B125BFA80E00461C37 /* Products */,
				1E8CB0F9C038AB3C54E2BCE8 /* Pods */,
				0943CCA6C9A28BBEF85D246E /* Frameworks */,
			);
			sourceTree = "<group>";
		};
		2C5249B125BFA80E00461C37 /* Products */ = {
			isa = PBXGroup;
			children = (
				2C5249B025BFA80E00461C37 /* YugiohCardDB.app */,
				2C5249C625BFA81100461C37 /* YugiohCardDBTests.xctest */,
				2C5249D125BFA81100461C37 /* YugiohCardDBUITests.xctest */,
			);
			name = Products;
			sourceTree = "<group>";
		};
		2C5249B225BFA80E00461C37 /* YugiohCardDB */ = {
			isa = PBXGroup;
			children = (
				2C5249B325BFA80E00461C37 /* AppDelegate.swift */,
				2C5249B525BFA80E00461C37 /* SceneDelegate.swift */,
				AC23752426F69407006E6BD2 /* SplashViewController.swift */,
				2C5249B925BFA80E00461C37 /* Main.storyboard */,
				2C5249BC25BFA81100461C37 /* Assets.xcassets */,
				2C5249BE25BFA81100461C37 /* LaunchScreen.storyboard */,
				2C5249C125BFA81100461C37 /* Info.plist */,
				AC89D6A526BA01A8000E581D /* Shared */,
				AC172E4C25D3EABA00D3F10E /* Card Detail */,
				AC172E4825D3EA4300D3F10E /* Card Search */,
				2C5249EF25BFBB8000461C37 /* Models */,
			);
			path = YugiohCardDB;
			sourceTree = "<group>";
		};
		2C5249C925BFA81100461C37 /* YugiohCardDBTests */ = {
			isa = PBXGroup;
			children = (
				AC7DDB532731FE2300DDDA8B /* Models */,
				2C5249CA25BFA81100461C37 /* YugiohCardDBTests.swift */,
				2C5249CC25BFA81100461C37 /* Info.plist */,
			);
			path = YugiohCardDBTests;
			sourceTree = "<group>";
		};
		2C5249D425BFA81100461C37 /* YugiohCardDBUITests */ = {
			isa = PBXGroup;
			children = (
				2C5249D525BFA81100461C37 /* YugiohCardDBUITests.swift */,
				2C5249D725BFA81100461C37 /* Info.plist */,
			);
			path = YugiohCardDBUITests;
			sourceTree = "<group>";
		};
		2C5249EF25BFBB8000461C37 /* Models */ = {
			isa = PBXGroup;
			children = (
				ACB38F1825D39F49001CA4E9 /* CardViewModel.swift */,
				AC6EE6E525D49C5800C4A1CA /* CardType.swift */,
				AC6EE70025D5124E00C4A1CA /* CardDetailCellType.swift */,
			);
			path = Models;
			sourceTree = "<group>";
		};
		AC172E4825D3EA4300D3F10E /* Card Search */ = {
			isa = PBXGroup;
			children = (
				2C5249B725BFA80E00461C37 /* SearchCardViewController.swift */,
			);
			path = "Card Search";
			sourceTree = "<group>";
		};
		AC172E4C25D3EABA00D3F10E /* Card Detail */ = {
			isa = PBXGroup;
			children = (
				AC172E4D25D3EAE500D3F10E /* CardDetailViewController.swift */,
				AC6EE6E125D4949800C4A1CA /* Views */,
			);
			path = "Card Detail";
			sourceTree = "<group>";
		};
		AC6EE6E125D4949800C4A1CA /* Views */ = {
			isa = PBXGroup;
			children = (
				AC6EE6ED25D4C5BF00C4A1CA /* TableViewCells */,
			);
			path = Views;
			sourceTree = "<group>";
		};
		AC6EE6ED25D4C5BF00C4A1CA /* TableViewCells */ = {
			isa = PBXGroup;
			children = (
				AC6EE6EE25D4C5F200C4A1CA /* CardImageTableViewCell.swift */,
				AC6EE6F625D4DF1700C4A1CA /* TopTitleWithDescriptionTextTableViewCell.swift */,
				AC6EE6FB25D4F1A400C4A1CA /* TwoTopTitlesAndTwoDescriptionsTableViewCell.swift */,
			);
			path = TableViewCells;
			sourceTree = "<group>";
		};
		AC7DDB532731FE2300DDDA8B /* Models */ = {
			isa = PBXGroup;
			children = (
				AC7DDB542731FE4100DDDA8B /* CardViewModelTests.swift */,
			);
			path = Models;
			sourceTree = "<group>";
		};
		AC89D6A526BA01A8000E581D /* Shared */ = {
			isa = PBXGroup;
			children = (
				AC65A3DC26F672D400A6D3F7 /* yugioh_cards_v7.json */,
				AC6EE70B25D51E1700C4A1CA /* Strings.swift */,
				AC23752926F69667006E6BD2 /* CacheManager.swift */,
			);
			path = Shared;
			sourceTree = "<group>";
		};
/* End PBXGroup section */

/* Begin PBXNativeTarget section */
		2C5249AF25BFA80E00461C37 /* YugiohCardDB */ = {
			isa = PBXNativeTarget;
			buildConfigurationList = 2C5249DA25BFA81100461C37 /* Build configuration list for PBXNativeTarget "YugiohCardDB" */;
			buildPhases = (
				E3A7B0ED36457E9E71F72D52 /* [CP] Check Pods Manifest.lock */,
				2C5249AC25BFA80E00461C37 /* Sources */,
				2C5249AD25BFA80E00461C37 /* Frameworks */,
				2C5249AE25BFA80E00461C37 /* Resources */,
				FF62B5BEDBC02C96F462DD47 /* [CP] Embed Pods Frameworks */,
			);
			buildRules = (
			);
			dependencies = (
			);
			name = YugiohCardDB;
			packageProductDependencies = (
				AC7DDB4E2731FDCA00DDDA8B /* YGOPRODeckClient */,
			);
			productName = YugiohCardDB;
			productReference = 2C5249B025BFA80E00461C37 /* YugiohCardDB.app */;
			productType = "com.apple.product-type.application";
		};
		2C5249C525BFA81100461C37 /* YugiohCardDBTests */ = {
			isa = PBXNativeTarget;
			buildConfigurationList = 2C5249DD25BFA81100461C37 /* Build configuration list for PBXNativeTarget "YugiohCardDBTests" */;
			buildPhases = (
				ACB18F453862F2D16A550644 /* [CP] Check Pods Manifest.lock */,
				2C5249C225BFA81100461C37 /* Sources */,
				2C5249C325BFA81100461C37 /* Frameworks */,
				2C5249C425BFA81100461C37 /* Resources */,
			);
			buildRules = (
			);
			dependencies = (
				2C5249C825BFA81100461C37 /* PBXTargetDependency */,
			);
			name = YugiohCardDBTests;
			productName = YugiohCardDBTests;
			productReference = 2C5249C625BFA81100461C37 /* YugiohCardDBTests.xctest */;
			productType = "com.apple.product-type.bundle.unit-test";
		};
		2C5249D025BFA81100461C37 /* YugiohCardDBUITests */ = {
			isa = PBXNativeTarget;
			buildConfigurationList = 2C5249E025BFA81100461C37 /* Build configuration list for PBXNativeTarget "YugiohCardDBUITests" */;
			buildPhases = (
				7F2E005C61AD861BBECCA10A /* [CP] Check Pods Manifest.lock */,
				2C5249CD25BFA81100461C37 /* Sources */,
				2C5249CE25BFA81100461C37 /* Frameworks */,
				2C5249CF25BFA81100461C37 /* Resources */,
				A0F777E122AD2192FF85A54D /* [CP] Embed Pods Frameworks */,
			);
			buildRules = (
			);
			dependencies = (
				2C5249D325BFA81100461C37 /* PBXTargetDependency */,
			);
			name = YugiohCardDBUITests;
			productName = YugiohCardDBUITests;
			productReference = 2C5249D125BFA81100461C37 /* YugiohCardDBUITests.xctest */;
			productType = "com.apple.product-type.bundle.ui-testing";
		};
/* End PBXNativeTarget section */

/* Begin PBXProject section */
		2C5249A825BFA80E00461C37 /* Project object */ = {
			isa = PBXProject;
			attributes = {
				LastSwiftUpdateCheck = 1200;
				LastUpgradeCheck = 1200;
				TargetAttributes = {
					2C5249AF25BFA80E00461C37 = {
						CreatedOnToolsVersion = 12.0.1;
					};
					2C5249C525BFA81100461C37 = {
						CreatedOnToolsVersion = 12.0.1;
						TestTargetID = 2C5249AF25BFA80E00461C37;
					};
					2C5249D025BFA81100461C37 = {
						CreatedOnToolsVersion = 12.0.1;
						TestTargetID = 2C5249AF25BFA80E00461C37;
					};
				};
			};
			buildConfigurationList = 2C5249AB25BFA80E00461C37 /* Build configuration list for PBXProject "YugiohCardDB" */;
			compatibilityVersion = "Xcode 9.3";
			developmentRegion = en;
			hasScannedForEncodings = 0;
			knownRegions = (
				en,
				Base,
			);
			mainGroup = 2C5249A725BFA80E00461C37;
			packageReferences = (
				AC7DDB352731FAAC00DDDA8B /* XCRemoteSwiftPackageReference "ygoprodeck-client-package" */,
			);
			productRefGroup = 2C5249B125BFA80E00461C37 /* Products */;
			projectDirPath = "";
			projectRoot = "";
			targets = (
				2C5249AF25BFA80E00461C37 /* YugiohCardDB */,
				2C5249C525BFA81100461C37 /* YugiohCardDBTests */,
				2C5249D025BFA81100461C37 /* YugiohCardDBUITests */,
			);
		};
/* End PBXProject section */

/* Begin PBXResourcesBuildPhase section */
		2C5249AE25BFA80E00461C37 /* Resources */ = {
			isa = PBXResourcesBuildPhase;
			buildActionMask = 2147483647;
			files = (
				2C5249C025BFA81100461C37 /* LaunchScreen.storyboard in Resources */,
				AC65A3DD26F672D400A6D3F7 /* yugioh_cards_v7.json in Resources */,
				2C5249BD25BFA81100461C37 /* Assets.xcassets in Resources */,
				2C5249BB25BFA80E00461C37 /* Main.storyboard in Resources */,
			);
			runOnlyForDeploymentPostprocessing = 0;
		};
		2C5249C425BFA81100461C37 /* Resources */ = {
			isa = PBXResourcesBuildPhase;
			buildActionMask = 2147483647;
			files = (
			);
			runOnlyForDeploymentPostprocessing = 0;
		};
		2C5249CF25BFA81100461C37 /* Resources */ = {
			isa = PBXResourcesBuildPhase;
			buildActionMask = 2147483647;
			files = (
			);
			runOnlyForDeploymentPostprocessing = 0;
		};
/* End PBXResourcesBuildPhase section */

/* Begin PBXShellScriptBuildPhase section */
		7F2E005C61AD861BBECCA10A /* [CP] Check Pods Manifest.lock */ = {
			isa = PBXShellScriptBuildPhase;
			buildActionMask = 2147483647;
			files = (
			);
			inputFileListPaths = (
			);
			inputPaths = (
				"${PODS_PODFILE_DIR_PATH}/Podfile.lock",
				"${PODS_ROOT}/Manifest.lock",
			);
			name = "[CP] Check Pods Manifest.lock";
			outputFileListPaths = (
			);
			outputPaths = (
				"$(DERIVED_FILE_DIR)/Pods-YugiohCardDB-YugiohCardDBUITests-checkManifestLockResult.txt",
			);
			runOnlyForDeploymentPostprocessing = 0;
			shellPath = /bin/sh;
			shellScript = "diff \"${PODS_PODFILE_DIR_PATH}/Podfile.lock\" \"${PODS_ROOT}/Manifest.lock\" > /dev/null\nif [ $? != 0 ] ; then\n    # print error to STDERR\n    echo \"error: The sandbox is not in sync with the Podfile.lock. Run 'pod install' or update your CocoaPods installation.\" >&2\n    exit 1\nfi\n# This output is used by Xcode 'outputs' to avoid re-running this script phase.\necho \"SUCCESS\" > \"${SCRIPT_OUTPUT_FILE_0}\"\n";
			showEnvVarsInLog = 0;
		};
		A0F777E122AD2192FF85A54D /* [CP] Embed Pods Frameworks */ = {
			isa = PBXShellScriptBuildPhase;
			buildActionMask = 2147483647;
			files = (
			);
			inputFileListPaths = (
				"${PODS_ROOT}/Target Support Files/Pods-YugiohCardDB-YugiohCardDBUITests/Pods-YugiohCardDB-YugiohCardDBUITests-frameworks-${CONFIGURATION}-input-files.xcfilelist",
			);
			name = "[CP] Embed Pods Frameworks";
			outputFileListPaths = (
				"${PODS_ROOT}/Target Support Files/Pods-YugiohCardDB-YugiohCardDBUITests/Pods-YugiohCardDB-YugiohCardDBUITests-frameworks-${CONFIGURATION}-output-files.xcfilelist",
			);
			runOnlyForDeploymentPostprocessing = 0;
			shellPath = /bin/sh;
			shellScript = "\"${PODS_ROOT}/Target Support Files/Pods-YugiohCardDB-YugiohCardDBUITests/Pods-YugiohCardDB-YugiohCardDBUITests-frameworks.sh\"\n";
			showEnvVarsInLog = 0;
		};
		ACB18F453862F2D16A550644 /* [CP] Check Pods Manifest.lock */ = {
			isa = PBXShellScriptBuildPhase;
			buildActionMask = 2147483647;
			files = (
			);
			inputFileListPaths = (
			);
			inputPaths = (
				"${PODS_PODFILE_DIR_PATH}/Podfile.lock",
				"${PODS_ROOT}/Manifest.lock",
			);
			name = "[CP] Check Pods Manifest.lock";
			outputFileListPaths = (
			);
			outputPaths = (
				"$(DERIVED_FILE_DIR)/Pods-YugiohCardDBTests-checkManifestLockResult.txt",
			);
			runOnlyForDeploymentPostprocessing = 0;
			shellPath = /bin/sh;
			shellScript = "diff \"${PODS_PODFILE_DIR_PATH}/Podfile.lock\" \"${PODS_ROOT}/Manifest.lock\" > /dev/null\nif [ $? != 0 ] ; then\n    # print error to STDERR\n    echo \"error: The sandbox is not in sync with the Podfile.lock. Run 'pod install' or update your CocoaPods installation.\" >&2\n    exit 1\nfi\n# This output is used by Xcode 'outputs' to avoid re-running this script phase.\necho \"SUCCESS\" > \"${SCRIPT_OUTPUT_FILE_0}\"\n";
			showEnvVarsInLog = 0;
		};
		E3A7B0ED36457E9E71F72D52 /* [CP] Check Pods Manifest.lock */ = {
			isa = PBXShellScriptBuildPhase;
			buildActionMask = 2147483647;
			files = (
			);
			inputFileListPaths = (
			);
			inputPaths = (
				"${PODS_PODFILE_DIR_PATH}/Podfile.lock",
				"${PODS_ROOT}/Manifest.lock",
			);
			name = "[CP] Check Pods Manifest.lock";
			outputFileListPaths = (
			);
			outputPaths = (
				"$(DERIVED_FILE_DIR)/Pods-YugiohCardDB-checkManifestLockResult.txt",
			);
			runOnlyForDeploymentPostprocessing = 0;
			shellPath = /bin/sh;
			shellScript = "diff \"${PODS_PODFILE_DIR_PATH}/Podfile.lock\" \"${PODS_ROOT}/Manifest.lock\" > /dev/null\nif [ $? != 0 ] ; then\n    # print error to STDERR\n    echo \"error: The sandbox is not in sync with the Podfile.lock. Run 'pod install' or update your CocoaPods installation.\" >&2\n    exit 1\nfi\n# This output is used by Xcode 'outputs' to avoid re-running this script phase.\necho \"SUCCESS\" > \"${SCRIPT_OUTPUT_FILE_0}\"\n";
			showEnvVarsInLog = 0;
		};
		FF62B5BEDBC02C96F462DD47 /* [CP] Embed Pods Frameworks */ = {
			isa = PBXShellScriptBuildPhase;
			buildActionMask = 2147483647;
			files = (
			);
			inputFileListPaths = (
				"${PODS_ROOT}/Target Support Files/Pods-YugiohCardDB/Pods-YugiohCardDB-frameworks-${CONFIGURATION}-input-files.xcfilelist",
			);
			name = "[CP] Embed Pods Frameworks";
			outputFileListPaths = (
				"${PODS_ROOT}/Target Support Files/Pods-YugiohCardDB/Pods-YugiohCardDB-frameworks-${CONFIGURATION}-output-files.xcfilelist",
			);
			runOnlyForDeploymentPostprocessing = 0;
			shellPath = /bin/sh;
			shellScript = "\"${PODS_ROOT}/Target Support Files/Pods-YugiohCardDB/Pods-YugiohCardDB-frameworks.sh\"\n";
			showEnvVarsInLog = 0;
		};
/* End PBXShellScriptBuildPhase section */

/* Begin PBXSourcesBuildPhase section */
		2C5249AC25BFA80E00461C37 /* Sources */ = {
			isa = PBXSourcesBuildPhase;
			buildActionMask = 2147483647;
			files = (
				AC6EE6EF25D4C5F200C4A1CA /* CardImageTableViewCell.swift in Sources */,
				2C5249B825BFA80E00461C37 /* SearchCardViewController.swift in Sources */,
				ACB38F1925D39F49001CA4E9 /* CardViewModel.swift in Sources */,
				2C5249B425BFA80E00461C37 /* AppDelegate.swift in Sources */,
				AC6EE6FC25D4F1A400C4A1CA /* TwoTopTitlesAndTwoDescriptionsTableViewCell.swift in Sources */,
				AC6EE70C25D51E1700C4A1CA /* Strings.swift in Sources */,
				2C5249B625BFA80E00461C37 /* SceneDelegate.swift in Sources */,
				AC23752526F69407006E6BD2 /* SplashViewController.swift in Sources */,
				AC172E4E25D3EAE500D3F10E /* CardDetailViewController.swift in Sources */,
				AC6EE6F725D4DF1700C4A1CA /* TopTitleWithDescriptionTextTableViewCell.swift in Sources */,
				AC23752A26F69667006E6BD2 /* CacheManager.swift in Sources */,
				AC6EE70125D5124E00C4A1CA /* CardDetailCellType.swift in Sources */,
				AC6EE6E625D49C5800C4A1CA /* CardType.swift in Sources */,
			);
			runOnlyForDeploymentPostprocessing = 0;
		};
		2C5249C225BFA81100461C37 /* Sources */ = {
			isa = PBXSourcesBuildPhase;
			buildActionMask = 2147483647;
			files = (
				AC7DDB552731FE4100DDDA8B /* CardViewModelTests.swift in Sources */,
				2C5249CB25BFA81100461C37 /* YugiohCardDBTests.swift in Sources */,
			);
			runOnlyForDeploymentPostprocessing = 0;
		};
		2C5249CD25BFA81100461C37 /* Sources */ = {
			isa = PBXSourcesBuildPhase;
			buildActionMask = 2147483647;
			files = (
				2C5249D625BFA81100461C37 /* YugiohCardDBUITests.swift in Sources */,
			);
			runOnlyForDeploymentPostprocessing = 0;
		};
/* End PBXSourcesBuildPhase section */

/* Begin PBXTargetDependency section */
		2C5249C825BFA81100461C37 /* PBXTargetDependency */ = {
			isa = PBXTargetDependency;
			target = 2C5249AF25BFA80E00461C37 /* YugiohCardDB */;
			targetProxy = 2C5249C725BFA81100461C37 /* PBXContainerItemProxy */;
		};
		2C5249D325BFA81100461C37 /* PBXTargetDependency */ = {
			isa = PBXTargetDependency;
			target = 2C5249AF25BFA80E00461C37 /* YugiohCardDB */;
			targetProxy = 2C5249D225BFA81100461C37 /* PBXContainerItemProxy */;
		};
/* End PBXTargetDependency section */

/* Begin PBXVariantGroup section */
		2C5249B925BFA80E00461C37 /* Main.storyboard */ = {
			isa = PBXVariantGroup;
			children = (
				2C5249BA25BFA80E00461C37 /* Base */,
			);
			name = Main.storyboard;
			sourceTree = "<group>";
		};
		2C5249BE25BFA81100461C37 /* LaunchScreen.storyboard */ = {
			isa = PBXVariantGroup;
			children = (
				2C5249BF25BFA81100461C37 /* Base */,
			);
			name = LaunchScreen.storyboard;
			sourceTree = "<group>";
		};
/* End PBXVariantGroup section */

/* Begin XCBuildConfiguration section */
		2C5249D825BFA81100461C37 /* Debug */ = {
			isa = XCBuildConfiguration;
			buildSettings = {
				ALWAYS_SEARCH_USER_PATHS = NO;
				CLANG_ANALYZER_NONNULL = YES;
				CLANG_ANALYZER_NUMBER_OBJECT_CONVERSION = YES_AGGRESSIVE;
				CLANG_CXX_LANGUAGE_STANDARD = "gnu++14";
				CLANG_CXX_LIBRARY = "libc++";
				CLANG_ENABLE_MODULES = YES;
				CLANG_ENABLE_OBJC_ARC = YES;
				CLANG_ENABLE_OBJC_WEAK = YES;
				CLANG_WARN_BLOCK_CAPTURE_AUTORELEASING = YES;
				CLANG_WARN_BOOL_CONVERSION = YES;
				CLANG_WARN_COMMA = YES;
				CLANG_WARN_CONSTANT_CONVERSION = YES;
				CLANG_WARN_DEPRECATED_OBJC_IMPLEMENTATIONS = YES;
				CLANG_WARN_DIRECT_OBJC_ISA_USAGE = YES_ERROR;
				CLANG_WARN_DOCUMENTATION_COMMENTS = YES;
				CLANG_WARN_EMPTY_BODY = YES;
				CLANG_WARN_ENUM_CONVERSION = YES;
				CLANG_WARN_INFINITE_RECURSION = YES;
				CLANG_WARN_INT_CONVERSION = YES;
				CLANG_WARN_NON_LITERAL_NULL_CONVERSION = YES;
				CLANG_WARN_OBJC_IMPLICIT_RETAIN_SELF = YES;
				CLANG_WARN_OBJC_LITERAL_CONVERSION = YES;
				CLANG_WARN_OBJC_ROOT_CLASS = YES_ERROR;
				CLANG_WARN_QUOTED_INCLUDE_IN_FRAMEWORK_HEADER = YES;
				CLANG_WARN_RANGE_LOOP_ANALYSIS = YES;
				CLANG_WARN_STRICT_PROTOTYPES = YES;
				CLANG_WARN_SUSPICIOUS_MOVE = YES;
				CLANG_WARN_UNGUARDED_AVAILABILITY = YES_AGGRESSIVE;
				CLANG_WARN_UNREACHABLE_CODE = YES;
				CLANG_WARN__DUPLICATE_METHOD_MATCH = YES;
				COPY_PHASE_STRIP = NO;
				DEBUG_INFORMATION_FORMAT = dwarf;
				ENABLE_STRICT_OBJC_MSGSEND = YES;
				ENABLE_TESTABILITY = YES;
				GCC_C_LANGUAGE_STANDARD = gnu11;
				GCC_DYNAMIC_NO_PIC = NO;
				GCC_NO_COMMON_BLOCKS = YES;
				GCC_OPTIMIZATION_LEVEL = 0;
				GCC_PREPROCESSOR_DEFINITIONS = (
					"DEBUG=1",
					"$(inherited)",
				);
				GCC_WARN_64_TO_32_BIT_CONVERSION = YES;
				GCC_WARN_ABOUT_RETURN_TYPE = YES_ERROR;
				GCC_WARN_UNDECLARED_SELECTOR = YES;
				GCC_WARN_UNINITIALIZED_AUTOS = YES_AGGRESSIVE;
				GCC_WARN_UNUSED_FUNCTION = YES;
				GCC_WARN_UNUSED_VARIABLE = YES;
				IPHONEOS_DEPLOYMENT_TARGET = 14.0;
				MTL_ENABLE_DEBUG_INFO = INCLUDE_SOURCE;
				MTL_FAST_MATH = YES;
				ONLY_ACTIVE_ARCH = YES;
				SDKROOT = iphoneos;
				SWIFT_ACTIVE_COMPILATION_CONDITIONS = DEBUG;
				SWIFT_OPTIMIZATION_LEVEL = "-Onone";
			};
			name = Debug;
		};
		2C5249D925BFA81100461C37 /* Release */ = {
			isa = XCBuildConfiguration;
			buildSettings = {
				ALWAYS_SEARCH_USER_PATHS = NO;
				CLANG_ANALYZER_NONNULL = YES;
				CLANG_ANALYZER_NUMBER_OBJECT_CONVERSION = YES_AGGRESSIVE;
				CLANG_CXX_LANGUAGE_STANDARD = "gnu++14";
				CLANG_CXX_LIBRARY = "libc++";
				CLANG_ENABLE_MODULES = YES;
				CLANG_ENABLE_OBJC_ARC = YES;
				CLANG_ENABLE_OBJC_WEAK = YES;
				CLANG_WARN_BLOCK_CAPTURE_AUTORELEASING = YES;
				CLANG_WARN_BOOL_CONVERSION = YES;
				CLANG_WARN_COMMA = YES;
				CLANG_WARN_CONSTANT_CONVERSION = YES;
				CLANG_WARN_DEPRECATED_OBJC_IMPLEMENTATIONS = YES;
				CLANG_WARN_DIRECT_OBJC_ISA_USAGE = YES_ERROR;
				CLANG_WARN_DOCUMENTATION_COMMENTS = YES;
				CLANG_WARN_EMPTY_BODY = YES;
				CLANG_WARN_ENUM_CONVERSION = YES;
				CLANG_WARN_INFINITE_RECURSION = YES;
				CLANG_WARN_INT_CONVERSION = YES;
				CLANG_WARN_NON_LITERAL_NULL_CONVERSION = YES;
				CLANG_WARN_OBJC_IMPLICIT_RETAIN_SELF = YES;
				CLANG_WARN_OBJC_LITERAL_CONVERSION = YES;
				CLANG_WARN_OBJC_ROOT_CLASS = YES_ERROR;
				CLANG_WARN_QUOTED_INCLUDE_IN_FRAMEWORK_HEADER = YES;
				CLANG_WARN_RANGE_LOOP_ANALYSIS = YES;
				CLANG_WARN_STRICT_PROTOTYPES = YES;
				CLANG_WARN_SUSPICIOUS_MOVE = YES;
				CLANG_WARN_UNGUARDED_AVAILABILITY = YES_AGGRESSIVE;
				CLANG_WARN_UNREACHABLE_CODE = YES;
				CLANG_WARN__DUPLICATE_METHOD_MATCH = YES;
				COPY_PHASE_STRIP = NO;
				DEBUG_INFORMATION_FORMAT = "dwarf-with-dsym";
				ENABLE_NS_ASSERTIONS = NO;
				ENABLE_STRICT_OBJC_MSGSEND = YES;
				GCC_C_LANGUAGE_STANDARD = gnu11;
				GCC_NO_COMMON_BLOCKS = YES;
				GCC_WARN_64_TO_32_BIT_CONVERSION = YES;
				GCC_WARN_ABOUT_RETURN_TYPE = YES_ERROR;
				GCC_WARN_UNDECLARED_SELECTOR = YES;
				GCC_WARN_UNINITIALIZED_AUTOS = YES_AGGRESSIVE;
				GCC_WARN_UNUSED_FUNCTION = YES;
				GCC_WARN_UNUSED_VARIABLE = YES;
				IPHONEOS_DEPLOYMENT_TARGET = 14.0;
				MTL_ENABLE_DEBUG_INFO = NO;
				MTL_FAST_MATH = YES;
				SDKROOT = iphoneos;
				SWIFT_COMPILATION_MODE = wholemodule;
				SWIFT_OPTIMIZATION_LEVEL = "-O";
				VALIDATE_PRODUCT = YES;
			};
			name = Release;
		};
		2C5249DB25BFA81100461C37 /* Debug */ = {
			isa = XCBuildConfiguration;
			baseConfigurationReference = E80B4B8014D4B4CCC1358178 /* Pods-YugiohCardDB.debug.xcconfig */;
			buildSettings = {
				ASSETCATALOG_COMPILER_APPICON_NAME = AppIcon;
				ASSETCATALOG_COMPILER_GLOBAL_ACCENT_COLOR_NAME = AccentColor;
				CODE_SIGN_STYLE = Automatic;
				DEVELOPMENT_TEAM = MA84G22696;
				INFOPLIST_FILE = YugiohCardDB/Info.plist;
				LD_RUNPATH_SEARCH_PATHS = (
					"$(inherited)",
					"@executable_path/Frameworks",
				);
				PRODUCT_BUNDLE_IDENTIFIER = "com.harrisonrblake.YugiohCardDB-2";
				PRODUCT_NAME = "$(TARGET_NAME)";
				SWIFT_VERSION = 5.0;
				TARGETED_DEVICE_FAMILY = "1,2";
			};
			name = Debug;
		};
		2C5249DC25BFA81100461C37 /* Release */ = {
			isa = XCBuildConfiguration;
			baseConfigurationReference = 8F921C0F9AB5AD6EEBE7FF5A /* Pods-YugiohCardDB.release.xcconfig */;
			buildSettings = {
				ASSETCATALOG_COMPILER_APPICON_NAME = AppIcon;
				ASSETCATALOG_COMPILER_GLOBAL_ACCENT_COLOR_NAME = AccentColor;
				CODE_SIGN_STYLE = Automatic;
				DEVELOPMENT_TEAM = MA84G22696;
				INFOPLIST_FILE = YugiohCardDB/Info.plist;
				LD_RUNPATH_SEARCH_PATHS = (
					"$(inherited)",
					"@executable_path/Frameworks",
				);
				PRODUCT_BUNDLE_IDENTIFIER = "com.harrisonrblake.YugiohCardDB-2";
				PRODUCT_NAME = "$(TARGET_NAME)";
				SWIFT_VERSION = 5.0;
				TARGETED_DEVICE_FAMILY = "1,2";
			};
			name = Release;
		};
		2C5249DE25BFA81100461C37 /* Debug */ = {
			isa = XCBuildConfiguration;
			baseConfigurationReference = DCB7477B82C8B7F70ECE979F /* Pods-YugiohCardDBTests.debug.xcconfig */;
			buildSettings = {
				ALWAYS_EMBED_SWIFT_STANDARD_LIBRARIES = YES;
				BUNDLE_LOADER = "$(TEST_HOST)";
				CODE_SIGN_STYLE = Automatic;
				DEVELOPMENT_TEAM = MA84G22696;
				INFOPLIST_FILE = YugiohCardDBTests/Info.plist;
				IPHONEOS_DEPLOYMENT_TARGET = 14.0;
				LD_RUNPATH_SEARCH_PATHS = (
					"$(inherited)",
					"@executable_path/Frameworks",
					"@loader_path/Frameworks",
				);
				PRODUCT_BUNDLE_IDENTIFIER = com.harrisonrblake.YugiohCardDBTests;
				PRODUCT_NAME = "$(TARGET_NAME)";
				SWIFT_VERSION = 5.0;
				TARGETED_DEVICE_FAMILY = "1,2";
				TEST_HOST = "$(BUILT_PRODUCTS_DIR)/YugiohCardDB.app/YugiohCardDB";
			};
			name = Debug;
		};
		2C5249DF25BFA81100461C37 /* Release */ = {
			isa = XCBuildConfiguration;
			baseConfigurationReference = F62648F56A3AF54C0E0AD364 /* Pods-YugiohCardDBTests.release.xcconfig */;
			buildSettings = {
				ALWAYS_EMBED_SWIFT_STANDARD_LIBRARIES = YES;
				BUNDLE_LOADER = "$(TEST_HOST)";
				CODE_SIGN_STYLE = Automatic;
				DEVELOPMENT_TEAM = MA84G22696;
				INFOPLIST_FILE = YugiohCardDBTests/Info.plist;
				IPHONEOS_DEPLOYMENT_TARGET = 14.0;
				LD_RUNPATH_SEARCH_PATHS = (
					"$(inherited)",
					"@executable_path/Frameworks",
					"@loader_path/Frameworks",
				);
				PRODUCT_BUNDLE_IDENTIFIER = com.harrisonrblake.YugiohCardDBTests;
				PRODUCT_NAME = "$(TARGET_NAME)";
				SWIFT_VERSION = 5.0;
				TARGETED_DEVICE_FAMILY = "1,2";
				TEST_HOST = "$(BUILT_PRODUCTS_DIR)/YugiohCardDB.app/YugiohCardDB";
			};
			name = Release;
		};
		2C5249E125BFA81100461C37 /* Debug */ = {
			isa = XCBuildConfiguration;
			baseConfigurationReference = 400E9F99DD01D2E898692F4D /* Pods-YugiohCardDB-YugiohCardDBUITests.debug.xcconfig */;
			buildSettings = {
				ALWAYS_EMBED_SWIFT_STANDARD_LIBRARIES = YES;
				CODE_SIGN_STYLE = Automatic;
				DEVELOPMENT_TEAM = MA84G22696;
				INFOPLIST_FILE = YugiohCardDBUITests/Info.plist;
				LD_RUNPATH_SEARCH_PATHS = (
					"$(inherited)",
					"@executable_path/Frameworks",
					"@loader_path/Frameworks",
				);
				PRODUCT_BUNDLE_IDENTIFIER = com.harrisonrblake.YugiohCardDBUITests;
				PRODUCT_NAME = "$(TARGET_NAME)";
				SWIFT_VERSION = 5.0;
				TARGETED_DEVICE_FAMILY = "1,2";
				TEST_TARGET_NAME = YugiohCardDB;
			};
			name = Debug;
		};
		2C5249E225BFA81100461C37 /* Release */ = {
			isa = XCBuildConfiguration;
			baseConfigurationReference = 7A151FDEFF17A0ED0BD7FF67 /* Pods-YugiohCardDB-YugiohCardDBUITests.release.xcconfig */;
			buildSettings = {
				ALWAYS_EMBED_SWIFT_STANDARD_LIBRARIES = YES;
				CODE_SIGN_STYLE = Automatic;
				DEVELOPMENT_TEAM = MA84G22696;
				INFOPLIST_FILE = YugiohCardDBUITests/Info.plist;
				LD_RUNPATH_SEARCH_PATHS = (
					"$(inherited)",
					"@executable_path/Frameworks",
					"@loader_path/Frameworks",
				);
				PRODUCT_BUNDLE_IDENTIFIER = com.harrisonrblake.YugiohCardDBUITests;
				PRODUCT_NAME = "$(TARGET_NAME)";
				SWIFT_VERSION = 5.0;
				TARGETED_DEVICE_FAMILY = "1,2";
				TEST_TARGET_NAME = YugiohCardDB;
			};
			name = Release;
		};
/* End XCBuildConfiguration section */

/* Begin XCConfigurationList section */
		2C5249AB25BFA80E00461C37 /* Build configuration list for PBXProject "YugiohCardDB" */ = {
			isa = XCConfigurationList;
			buildConfigurations = (
				2C5249D825BFA81100461C37 /* Debug */,
				2C5249D925BFA81100461C37 /* Release */,
			);
			defaultConfigurationIsVisible = 0;
			defaultConfigurationName = Release;
		};
		2C5249DA25BFA81100461C37 /* Build configuration list for PBXNativeTarget "YugiohCardDB" */ = {
			isa = XCConfigurationList;
			buildConfigurations = (
				2C5249DB25BFA81100461C37 /* Debug */,
				2C5249DC25BFA81100461C37 /* Release */,
			);
			defaultConfigurationIsVisible = 0;
			defaultConfigurationName = Release;
		};
		2C5249DD25BFA81100461C37 /* Build configuration list for PBXNativeTarget "YugiohCardDBTests" */ = {
			isa = XCConfigurationList;
			buildConfigurations = (
				2C5249DE25BFA81100461C37 /* Debug */,
				2C5249DF25BFA81100461C37 /* Release */,
			);
			defaultConfigurationIsVisible = 0;
			defaultConfigurationName = Release;
		};
		2C5249E025BFA81100461C37 /* Build configuration list for PBXNativeTarget "YugiohCardDBUITests" */ = {
			isa = XCConfigurationList;
			buildConfigurations = (
				2C5249E125BFA81100461C37 /* Debug */,
				2C5249E225BFA81100461C37 /* Release */,
			);
			defaultConfigurationIsVisible = 0;
			defaultConfigurationName = Release;
		};
/* End XCConfigurationList section */

/* Begin XCRemoteSwiftPackageReference section */
		AC7DDB352731FAAC00DDDA8B /* XCRemoteSwiftPackageReference "ygoprodeck-client-package" */ = {
			isa = XCRemoteSwiftPackageReference;
			repositoryURL = "https://github.com/blakerharrison/ygoprodeck-client-package.git";
			requirement = {
				kind = upToNextMajorVersion;
				minimumVersion = 1.0.0;
			};
		};
/* End XCRemoteSwiftPackageReference section */

/* Begin XCSwiftPackageProductDependency section */
		AC7DDB4E2731FDCA00DDDA8B /* YGOPRODeckClient */ = {
			isa = XCSwiftPackageProductDependency;
			package = AC7DDB352731FAAC00DDDA8B /* XCRemoteSwiftPackageReference "ygoprodeck-client-package" */;
			productName = YGOPRODeckClient;
		};
/* End XCSwiftPackageProductDependency section */
	};
	rootObject = 2C5249A825BFA80E00461C37 /* Project object */;
}
